
Microsoft Visual Studio Solution File, Format Version 12.00
# Visual Studio Version 17
VisualStudioVersion = 17.13.35806.99 d17.13
MinimumVisualStudioVersion = 10.0.40219.1
Project("{FAE04EC0-301F-11D3-BF4B-00C04F79EFBC}") = "FillingPointsHandler", "FillingPointsHandler\FillingPointsHandler.csproj", "{08E21D31-1975-4B63-B820-2EF4743AEF0D}"
EndProject
Global
	GlobalSection(SolutionConfigurationPlatforms) = preSolution
		Debug|Any CPU = Debug|Any CPU
		Release|Any CPU = Release|Any CPU
	EndGlobalSection
	GlobalSection(ProjectConfigurationPlatforms) = postSolution
		{08E21D31-1975-4B63-B820-2EF4743AEF0D}.Debug|Any CPU.ActiveCfg = Debug|Any CPU
		{08E21D31-1975-4B63-B820-2EF4743AEF0D}.Debug|Any CPU.Build.0 = Debug|Any CPU
		{08E21D31-1975-4B63-B820-2EF4743AEF0D}.Release|Any CPU.ActiveCfg = Release|Any CPU
		{08E21D31-1975-4B63-B820-2EF4743AEF0D}.Release|Any CPU.Build.0 = Release|Any CPU
	EndGlobalSection
	GlobalSection(SolutionProperties) = preSolution
		HideSolutionNode = FALSE
	EndGlobalSection
	GlobalSection(ExtensibilityGlobals) = postSolution
		SolutionGuid = {F1ECCCEC-987D-437A-A5F0-0260FD41F245}
	EndGlobalSection
EndGlobal
